
Microsoft Visual Studio Solution File, Format Version 12.00
# Visual Studio 2017
Project("{FAE04EC0-301F-11D3-BF4B-00C04F79EFBC}") = "LD40-shooter", "LD40-shooter.csproj", "{04B0FC99-8555-1A74-4106-31973383654B}"
EndProject
Project("{FAE04EC0-301F-11D3-BF4B-00C04F79EFBC}") = "LD40-shooter.Editor", "LD40-shooter.Editor.csproj", "{08E6BC3E-4DCA-9C83-9B04-DE876720D9BC}"
EndProject
Global
	GlobalSection(SolutionConfigurationPlatforms) = preSolution
		Debug|Any CPU = Debug|Any CPU
		Release|Any CPU = Release|Any CPU
	EndGlobalSection
	GlobalSection(ProjectConfigurationPlatforms) = postSolution
		{04B0FC99-8555-1A74-4106-31973383654B}.Debug|Any CPU.ActiveCfg = Debug|Any CPU
		{04B0FC99-8555-1A74-4106-31973383654B}.Debug|Any CPU.Build.0 = Debug|Any CPU
		{04B0FC99-8555-1A74-4106-31973383654B}.Release|Any CPU.ActiveCfg = Release|Any CPU
		{04B0FC99-8555-1A74-4106-31973383654B}.Release|Any CPU.Build.0 = Release|Any CPU
		{08E6BC3E-4DCA-9C83-9B04-DE876720D9BC}.Debug|Any CPU.ActiveCfg = Debug|Any CPU
		{08E6BC3E-4DCA-9C83-9B04-DE876720D9BC}.Debug|Any CPU.Build.0 = Debug|Any CPU
		{08E6BC3E-4DCA-9C83-9B04-DE876720D9BC}.Release|Any CPU.ActiveCfg = Release|Any CPU
		{08E6BC3E-4DCA-9C83-9B04-DE876720D9BC}.Release|Any CPU.Build.0 = Release|Any CPU
	EndGlobalSection
	GlobalSection(SolutionProperties) = preSolution
		HideSolutionNode = FALSE
	EndGlobalSection
EndGlobal
